
Microsoft Visual Studio Solution File, Format Version 12.00
# Visual Studio 15
VisualStudioVersion = 15.0.27130.2024
MinimumVisualStudioVersion = 10.0.40219.1
Project("{FAE04EC0-301F-11D3-BF4B-00C04F79EFBC}") = "IparaPayment", "IparaPayment\IparaPayment.csproj", "{AD99C32E-7B61-45AF-BF59-AF7B389BF4C6}"
EndProject
Project("{FAE04EC0-301F-11D3-BF4B-00C04F79EFBC}") = "IparaPaymentDemo", "IparaPaymentDemo\IparaPaymentDemo.csproj", "{36F652CD-D99C-4E93-89B0-C2432CABFA14}"
EndProject
Global
	GlobalSection(SolutionConfigurationPlatforms) = preSolution
		Debug|Any CPU = Debug|Any CPU
		Release|Any CPU = Release|Any CPU
	EndGlobalSection
	GlobalSection(ProjectConfigurationPlatforms) = postSolution
		{AD99C32E-7B61-45AF-BF59-AF7B389BF4C6}.Debug|Any CPU.ActiveCfg = Debug|Any CPU
		{AD99C32E-7B61-45AF-BF59-AF7B389BF4C6}.Debug|Any CPU.Build.0 = Debug|Any CPU
		{AD99C32E-7B61-45AF-BF59-AF7B389BF4C6}.Release|Any CPU.ActiveCfg = Release|Any CPU
		{AD99C32E-7B61-45AF-BF59-AF7B389BF4C6}.Release|Any CPU.Build.0 = Release|Any CPU
		{36F652CD-D99C-4E93-89B0-C2432CABFA14}.Debug|Any CPU.ActiveCfg = Debug|Any CPU
		{36F652CD-D99C-4E93-89B0-C2432CABFA14}.Debug|Any CPU.Build.0 = Debug|Any CPU
		{36F652CD-D99C-4E93-89B0-C2432CABFA14}.Release|Any CPU.ActiveCfg = Release|Any CPU
		{36F652CD-D99C-4E93-89B0-C2432CABFA14}.Release|Any CPU.Build.0 = Release|Any CPU
	EndGlobalSection
	GlobalSection(SolutionProperties) = preSolution
		HideSolutionNode = FALSE
	EndGlobalSection
	GlobalSection(ExtensibilityGlobals) = postSolution
		SolutionGuid = {378285B9-BC41-4ED2-8D50-9F429589AEFB}
	EndGlobalSection
EndGlobal
